
Microsoft Visual Studio Solution File, Format Version 12.00
# Visual Studio Version 17
VisualStudioVersion = 17.5.002.0
MinimumVisualStudioVersion = 10.0.40219.1
Project("{9A19103F-16F7-4668-BE54-9A1E7A4F7556}") = "BuildADino", "BuildADino.csproj", "{36917380-7472-4AC0-AA23-1839B6E0B66F}"
EndProject
Global
	GlobalSection(SolutionConfigurationPlatforms) = preSolution
		Debug|Any CPU = Debug|Any CPU
		Release|Any CPU = Release|Any CPU
	EndGlobalSection
	GlobalSection(ProjectConfigurationPlatforms) = postSolution
		{36917380-7472-4AC0-AA23-1839B6E0B66F}.Debug|Any CPU.ActiveCfg = Debug|Any CPU
		{36917380-7472-4AC0-AA23-1839B6E0B66F}.Debug|Any CPU.Build.0 = Debug|Any CPU
		{36917380-7472-4AC0-AA23-1839B6E0B66F}.Release|Any CPU.ActiveCfg = Release|Any CPU
		{36917380-7472-4AC0-AA23-1839B6E0B66F}.Release|Any CPU.Build.0 = Release|Any CPU
	EndGlobalSection
	GlobalSection(SolutionProperties) = preSolution
		HideSolutionNode = FALSE
	EndGlobalSection
	GlobalSection(ExtensibilityGlobals) = postSolution
		SolutionGuid = {0D82F5C4-F877-4E37-8D49-0B466D9584B8}
	EndGlobalSection
EndGlobal
